
Microsoft Visual Studio Solution File, Format Version 12.00
# Visual Studio Version 17
VisualStudioVersion = 17.8.34525.116
MinimumVisualStudioVersion = 10.0.40219.1
Project("{FAE04EC0-301F-11D3-BF4B-00C04F79EFBC}") = "PrimerosControles", "PrimerosControles\PrimerosControles.csproj", "{598FF652-C402-45EC-8000-775DC2C41189}"
EndProject
Global
	GlobalSection(SolutionConfigurationPlatforms) = preSolution
		Debug|Any CPU = Debug|Any CPU
		Release|Any CPU = Release|Any CPU
	EndGlobalSection
	GlobalSection(ProjectConfigurationPlatforms) = postSolution
		{598FF652-C402-45EC-8000-775DC2C41189}.Debug|Any CPU.ActiveCfg = Debug|Any CPU
		{598FF652-C402-45EC-8000-775DC2C41189}.Debug|Any CPU.Build.0 = Debug|Any CPU
		{598FF652-C402-45EC-8000-775DC2C41189}.Release|Any CPU.ActiveCfg = Release|Any CPU
		{598FF652-C402-45EC-8000-775DC2C41189}.Release|Any CPU.Build.0 = Release|Any CPU
	EndGlobalSection
	GlobalSection(SolutionProperties) = preSolution
		HideSolutionNode = FALSE
	EndGlobalSection
	GlobalSection(ExtensibilityGlobals) = postSolution
		SolutionGuid = {FFC97449-2850-40CF-9B1B-7F37A05AD827}
	EndGlobalSection
EndGlobal
