
Microsoft Visual Studio Solution File, Format Version 12.00
# Visual Studio Version 17
VisualStudioVersion = 17.8.34525.116
MinimumVisualStudioVersion = 10.0.40219.1
Project("{FAE04EC0-301F-11D3-BF4B-00C04F79EFBC}") = "Formulario2", "Formulario2\Formulario2.csproj", "{9C221A69-0E0C-489D-B0CF-7CF5F46333B5}"
EndProject
Global
	GlobalSection(SolutionConfigurationPlatforms) = preSolution
		Debug|Any CPU = Debug|Any CPU
		Release|Any CPU = Release|Any CPU
	EndGlobalSection
	GlobalSection(ProjectConfigurationPlatforms) = postSolution
		{9C221A69-0E0C-489D-B0CF-7CF5F46333B5}.Debug|Any CPU.ActiveCfg = Debug|Any CPU
		{9C221A69-0E0C-489D-B0CF-7CF5F46333B5}.Debug|Any CPU.Build.0 = Debug|Any CPU
		{9C221A69-0E0C-489D-B0CF-7CF5F46333B5}.Release|Any CPU.ActiveCfg = Release|Any CPU
		{9C221A69-0E0C-489D-B0CF-7CF5F46333B5}.Release|Any CPU.Build.0 = Release|Any CPU
	EndGlobalSection
	GlobalSection(SolutionProperties) = preSolution
		HideSolutionNode = FALSE
	EndGlobalSection
	GlobalSection(ExtensibilityGlobals) = postSolution
		SolutionGuid = {829C88E6-D86B-4E82-AB0C-4E877E916858}
	EndGlobalSection
EndGlobal
