
Microsoft Visual Studio Solution File, Format Version 12.00
# Visual Studio Version 17
VisualStudioVersion = 17.8.34511.84
MinimumVisualStudioVersion = 10.0.40219.1
Project("{FAE04EC0-301F-11D3-BF4B-00C04F79EFBC}") = "SistemaNominas", "SistemaNominas\SistemaNominas.csproj", "{BE7EB21B-C9B9-4AAA-AB0A-06010937E9AD}"
EndProject
Global
	GlobalSection(SolutionConfigurationPlatforms) = preSolution
		Debug|Any CPU = Debug|Any CPU
		Release|Any CPU = Release|Any CPU
	EndGlobalSection
	GlobalSection(ProjectConfigurationPlatforms) = postSolution
		{BE7EB21B-C9B9-4AAA-AB0A-06010937E9AD}.Debug|Any CPU.ActiveCfg = Debug|Any CPU
		{BE7EB21B-C9B9-4AAA-AB0A-06010937E9AD}.Debug|Any CPU.Build.0 = Debug|Any CPU
		{BE7EB21B-C9B9-4AAA-AB0A-06010937E9AD}.Release|Any CPU.ActiveCfg = Release|Any CPU
		{BE7EB21B-C9B9-4AAA-AB0A-06010937E9AD}.Release|Any CPU.Build.0 = Release|Any CPU
	EndGlobalSection
	GlobalSection(SolutionProperties) = preSolution
		HideSolutionNode = FALSE
	EndGlobalSection
	GlobalSection(ExtensibilityGlobals) = postSolution
		SolutionGuid = {C5291ABD-8CC7-4A94-ACBE-46C204DC94E9}
	EndGlobalSection
EndGlobal
