
Microsoft Visual Studio Solution File, Format Version 12.00
# Visual Studio Version 17
VisualStudioVersion = 17.8.34525.116
MinimumVisualStudioVersion = 10.0.40219.1
Project("{FAE04EC0-301F-11D3-BF4B-00C04F79EFBC}") = "Random", "Random\Random.csproj", "{3D4D920E-BB8E-4E7D-B1CA-B25A17BF8972}"
EndProject
Global
	GlobalSection(SolutionConfigurationPlatforms) = preSolution
		Debug|Any CPU = Debug|Any CPU
		Release|Any CPU = Release|Any CPU
	EndGlobalSection
	GlobalSection(ProjectConfigurationPlatforms) = postSolution
		{3D4D920E-BB8E-4E7D-B1CA-B25A17BF8972}.Debug|Any CPU.ActiveCfg = Debug|Any CPU
		{3D4D920E-BB8E-4E7D-B1CA-B25A17BF8972}.Debug|Any CPU.Build.0 = Debug|Any CPU
		{3D4D920E-BB8E-4E7D-B1CA-B25A17BF8972}.Release|Any CPU.ActiveCfg = Release|Any CPU
		{3D4D920E-BB8E-4E7D-B1CA-B25A17BF8972}.Release|Any CPU.Build.0 = Release|Any CPU
	EndGlobalSection
	GlobalSection(SolutionProperties) = preSolution
		HideSolutionNode = FALSE
	EndGlobalSection
	GlobalSection(ExtensibilityGlobals) = postSolution
		SolutionGuid = {EB34AA6B-41CF-4CCA-A204-2E7D2EF933E9}
	EndGlobalSection
EndGlobal
