
Microsoft Visual Studio Solution File, Format Version 12.00
# Visual Studio Version 17
VisualStudioVersion = 17.8.34525.116
MinimumVisualStudioVersion = 10.0.40219.1
Project("{FAE04EC0-301F-11D3-BF4B-00C04F79EFBC}") = "ArraysForms", "ArraysForms\ArraysForms.csproj", "{A5EE6820-8372-4841-B338-542429F9D063}"
EndProject
Global
	GlobalSection(SolutionConfigurationPlatforms) = preSolution
		Debug|Any CPU = Debug|Any CPU
		Release|Any CPU = Release|Any CPU
	EndGlobalSection
	GlobalSection(ProjectConfigurationPlatforms) = postSolution
		{A5EE6820-8372-4841-B338-542429F9D063}.Debug|Any CPU.ActiveCfg = Debug|Any CPU
		{A5EE6820-8372-4841-B338-542429F9D063}.Debug|Any CPU.Build.0 = Debug|Any CPU
		{A5EE6820-8372-4841-B338-542429F9D063}.Release|Any CPU.ActiveCfg = Release|Any CPU
		{A5EE6820-8372-4841-B338-542429F9D063}.Release|Any CPU.Build.0 = Release|Any CPU
	EndGlobalSection
	GlobalSection(SolutionProperties) = preSolution
		HideSolutionNode = FALSE
	EndGlobalSection
	GlobalSection(ExtensibilityGlobals) = postSolution
		SolutionGuid = {0ADADE97-49AC-41C2-B917-28094EA2F2D4}
	EndGlobalSection
EndGlobal
